
Microsoft Visual Studio Solution File, Format Version 12.00
# Visual Studio Version 17
VisualStudioVersion = 17.2.32516.85
MinimumVisualStudioVersion = 10.0.40219.1
Project("{FAE04EC0-301F-11D3-BF4B-00C04F79EFBC}") = "CustomConfigurationFile.Api", "CustomConfigurationFile.Api\CustomConfigurationFile.Api.csproj", "{81FA20C4-ADAA-4309-B038-F578E01A7034}"
EndProject
Global
	GlobalSection(SolutionConfigurationPlatforms) = preSolution
		Debug|Any CPU = Debug|Any CPU
		Release|Any CPU = Release|Any CPU
	EndGlobalSection
	GlobalSection(ProjectConfigurationPlatforms) = postSolution
		{81FA20C4-ADAA-4309-B038-F578E01A7034}.Debug|Any CPU.ActiveCfg = Debug|Any CPU
		{81FA20C4-ADAA-4309-B038-F578E01A7034}.Debug|Any CPU.Build.0 = Debug|Any CPU
		{81FA20C4-ADAA-4309-B038-F578E01A7034}.Release|Any CPU.ActiveCfg = Release|Any CPU
		{81FA20C4-ADAA-4309-B038-F578E01A7034}.Release|Any CPU.Build.0 = Release|Any CPU
	EndGlobalSection
	GlobalSection(SolutionProperties) = preSolution
		HideSolutionNode = FALSE
	EndGlobalSection
	GlobalSection(ExtensibilityGlobals) = postSolution
		SolutionGuid = {571F8F68-794D-4F91-9EBA-E57C139A9487}
	EndGlobalSection
EndGlobal
